
Microsoft Visual Studio Solution File, Format Version 12.00
Project("{FAE04EC0-301F-11D3-BF4B-00C04F79EFBC}") = "Cruise", "Cruise\Cruise.csproj", "{8F342567-3B4E-4B23-B501-1F2F54C6D92F}"
EndProject
Global
	GlobalSection(SolutionConfigurationPlatforms) = preSolution
		Debug|Any CPU = Debug|Any CPU
		Release|Any CPU = Release|Any CPU
	EndGlobalSection
	GlobalSection(ProjectConfigurationPlatforms) = postSolution
		{8F342567-3B4E-4B23-B501-1F2F54C6D92F}.Debug|Any CPU.ActiveCfg = Debug|Any CPU
		{8F342567-3B4E-4B23-B501-1F2F54C6D92F}.Debug|Any CPU.Build.0 = Debug|Any CPU
		{8F342567-3B4E-4B23-B501-1F2F54C6D92F}.Release|Any CPU.ActiveCfg = Release|Any CPU
		{8F342567-3B4E-4B23-B501-1F2F54C6D92F}.Release|Any CPU.Build.0 = Release|Any CPU
	EndGlobalSection
EndGlobal
